
Microsoft Visual Studio Solution File, Format Version 12.00
# Visual Studio 15
VisualStudioVersion = 15.0.26430.15
MinimumVisualStudioVersion = 10.0.40219.1
Project("{9A19103F-16F7-4668-BE54-9A1E7A4F7556}") = "SmmrySharp", "SmmrySharp.csproj", "{229A507B-EAA2-40A2-9EC6-225893687CBC}"
EndProject
Project("{FAE04EC0-301F-11D3-BF4B-00C04F79EFBC}") = "SmmryTest", "..\SmmryTest\SmmryTest.csproj", "{A84B4BB7-7E0F-4160-8957-592033A080CE}"
EndProject
Global
	GlobalSection(SolutionConfigurationPlatforms) = preSolution
		Debug|Any CPU = Debug|Any CPU
		Release|Any CPU = Release|Any CPU
	EndGlobalSection
	GlobalSection(ProjectConfigurationPlatforms) = postSolution
		{229A507B-EAA2-40A2-9EC6-225893687CBC}.Debug|Any CPU.ActiveCfg = Debug|Any CPU
		{229A507B-EAA2-40A2-9EC6-225893687CBC}.Debug|Any CPU.Build.0 = Debug|Any CPU
		{229A507B-EAA2-40A2-9EC6-225893687CBC}.Release|Any CPU.ActiveCfg = Release|Any CPU
		{229A507B-EAA2-40A2-9EC6-225893687CBC}.Release|Any CPU.Build.0 = Release|Any CPU
		{A84B4BB7-7E0F-4160-8957-592033A080CE}.Debug|Any CPU.ActiveCfg = Debug|Any CPU
		{A84B4BB7-7E0F-4160-8957-592033A080CE}.Debug|Any CPU.Build.0 = Debug|Any CPU
		{A84B4BB7-7E0F-4160-8957-592033A080CE}.Release|Any CPU.ActiveCfg = Release|Any CPU
		{A84B4BB7-7E0F-4160-8957-592033A080CE}.Release|Any CPU.Build.0 = Release|Any CPU
	EndGlobalSection
	GlobalSection(SolutionProperties) = preSolution
		HideSolutionNode = FALSE
	EndGlobalSection
	GlobalSection(ExtensibilityGlobals) = postSolution
		SolutionGuid = {028F6E2B-B802-4E15-82F4-7929FC0DA58C}
	EndGlobalSection
EndGlobal
